# This file is automatically @generated by Poetry 1.7.1 and should not be changed by hand.

[[package]]
name = "cfgv"
version = "3.4.0"
description = "Validate configuration and produce human readable error messages."
optional = false
python-versions = ">=3.8"
files = [
    {file = "cfgv-3.4.0-py2.py3-none-any.whl", hash = "sha256:b7265b1f29fd3316bfcd2b330d63d024f2bfd8bcb8b0272f8e19a504856c48f9"},
    {file = "cfgv-3.4.0.tar.gz", hash = "sha256:e52591d4c5f5dead8e0f673fb16db7949d2cfb3f7da4582893288f0ded8fe560"},
]

[[package]]
name = "colorama"
version = "0.4.6"
description = "Cross-platform colored terminal text."
optional = false
python-versions = "!=3.0.*,!=3.1.*,!=3.2.*,!=3.3.*,!=3.4.*,!=3.5.*,!=3.6.*,>=2.7"
files = [
    {file = "colorama-0.4.6-py2.py3-none-any.whl", hash = "sha256:4f1d9991f5acc0ca119f9d443620b77f9d6b33703e51011c16baf57afb285fc6"},
    {file = "colorama-0.4.6.tar.gz", hash = "sha256:08695f5cb7ed6e0531a20572697297273c47b8cae5a63ffc6d6ed5c201be6e44"},
]

[[package]]
name = "coverage"
version = "7.3.2"
description = "Code coverage measurement for Python"
optional = false
python-versions = ">=3.8"
files = [
    {file = "coverage-7.3.2-cp310-cp310-macosx_10_9_x86_64.whl", hash = "sha256:d872145f3a3231a5f20fd48500274d7df222e291d90baa2026cc5152b7ce86bf"},
    {file = "coverage-7.3.2-cp310-cp310-macosx_11_0_arm64.whl", hash = "sha256:310b3bb9c91ea66d59c53fa4989f57d2436e08f18fb2f421a1b0b6b8cc7fffda"},
    {file = "coverage-7.3.2-cp310-cp310-manylinux_2_17_aarch64.manylinux2014_aarch64.whl", hash = "sha256:f47d39359e2c3779c5331fc740cf4bce6d9d680a7b4b4ead97056a0ae07cb49a"},
    {file = "coverage-7.3.2-cp310-cp310-manylinux_2_5_i686.manylinux1_i686.manylinux_2_17_i686.manylinux2014_i686.whl", hash = "sha256:aa72dbaf2c2068404b9870d93436e6d23addd8bbe9295f49cbca83f6e278179c"},
    {file = "coverage-7.3.2-cp310-cp310-manylinux_2_5_x86_64.manylinux1_x86_64.manylinux_2_17_x86_64.manylinux2014_x86_64.whl", hash = "sha256:beaa5c1b4777f03fc63dfd2a6bd820f73f036bfb10e925fce067b00a340d0f3f"},
    {file = "coverage-7.3.2-cp310-cp310-musllinux_1_1_aarch64.whl", hash = "sha256:dbc1b46b92186cc8074fee9d9fbb97a9dd06c6cbbef391c2f59d80eabdf0faa6"},
    {file = "coverage-7.3.2-cp310-cp310-musllinux_1_1_i686.whl", hash = "sha256:315a989e861031334d7bee1f9113c8770472db2ac484e5b8c3173428360a9148"},
    {file = "coverage-7.3.2-cp310-cp310-musllinux_1_1_x86_64.whl", hash = "sha256:d1bc430677773397f64a5c88cb522ea43175ff16f8bfcc89d467d974cb2274f9"},
    {file = "coverage-7.3.2-cp310-cp310-win32.whl", hash = "sha256:a889ae02f43aa45032afe364c8ae84ad3c54828c2faa44f3bfcafecb5c96b02f"},
    {file = "coverage-7.3.2-cp310-cp310-win_amd64.whl", hash = "sha256:c0ba320de3fb8c6ec16e0be17ee1d3d69adcda99406c43c0409cb5c41788a611"},
    {file = "coverage-7.3.2-cp311-cp311-macosx_10_9_x86_64.whl", hash = "sha256:ac8c802fa29843a72d32ec56d0ca792ad15a302b28ca6203389afe21f8fa062c"},
    {file = "coverage-7.3.2-cp311-cp311-macosx_11_0_arm64.whl", hash = "sha256:89a937174104339e3a3ffcf9f446c00e3a806c28b1841c63edb2b369310fd074"},
    {file = "coverage-7.3.2-cp311-cp311-manylinux_2_17_aarch64.manylinux2014_aarch64.whl", hash = "sha256:e267e9e2b574a176ddb983399dec325a80dbe161f1a32715c780b5d14b5f583a"},
    {file = "coverage-7.3.2-cp311-cp311-manylinux_2_5_i686.manylinux1_i686.manylinux_2_17_i686.manylinux2014_i686.whl", hash = "sha256:2443cbda35df0d35dcfb9bf8f3c02c57c1d6111169e3c85fc1fcc05e0c9f39a3"},
    {file = "coverage-7.3.2-cp311-cp311-manylinux_2_5_x86_64.manylinux1_x86_64.manylinux_2_17_x86_64.manylinux2014_x86_64.whl", hash = "sha256:4175e10cc8dda0265653e8714b3174430b07c1dca8957f4966cbd6c2b1b8065a"},
    {file = "coverage-7.3.2-cp311-cp311-musllinux_1_1_aarch64.whl", hash = "sha256:0cbf38419fb1a347aaf63481c00f0bdc86889d9fbf3f25109cf96c26b403fda1"},
    {file = "coverage-7.3.2-cp311-cp311-musllinux_1_1_i686.whl", hash = "sha256:5c913b556a116b8d5f6ef834038ba983834d887d82187c8f73dec21049abd65c"},
    {file = "coverage-7.3.2-cp311-cp311-musllinux_1_1_x86_64.whl", hash = "sha256:1981f785239e4e39e6444c63a98da3a1db8e971cb9ceb50a945ba6296b43f312"},
    {file = "coverage-7.3.2-cp311-cp311-win32.whl", hash = "sha256:43668cabd5ca8258f5954f27a3aaf78757e6acf13c17604d89648ecc0cc66640"},
    {file = "coverage-7.3.2-cp311-cp311-win_amd64.whl", hash = "sha256:e10c39c0452bf6e694511c901426d6b5ac005acc0f78ff265dbe36bf81f808a2"},
    {file = "coverage-7.3.2-cp312-cp312-macosx_10_9_x86_64.whl", hash = "sha256:4cbae1051ab791debecc4a5dcc4a1ff45fc27b91b9aee165c8a27514dd160836"},
    {file = "coverage-7.3.2-cp312-cp312-macosx_11_0_arm64.whl", hash = "sha256:12d15ab5833a997716d76f2ac1e4b4d536814fc213c85ca72756c19e5a6b3d63"},
    {file = "coverage-7.3.2-cp312-cp312-manylinux_2_17_aarch64.manylinux2014_aarch64.whl", hash = "sha256:3c7bba973ebee5e56fe9251300c00f1579652587a9f4a5ed8404b15a0471f216"},
    {file = "coverage-7.3.2-cp312-cp312-manylinux_2_5_i686.manylinux1_i686.manylinux_2_17_i686.manylinux2014_i686.whl", hash = "sha256:fe494faa90ce6381770746077243231e0b83ff3f17069d748f645617cefe19d4"},
    {file = "coverage-7.3.2-cp312-cp312-manylinux_2_5_x86_64.manylinux1_x86_64.manylinux_2_17_x86_64.manylinux2014_x86_64.whl", hash = "sha256:f6e9589bd04d0461a417562649522575d8752904d35c12907d8c9dfeba588faf"},
    {file = "coverage-7.3.2-cp312-cp312-musllinux_1_1_aarch64.whl", hash = "sha256:d51ac2a26f71da1b57f2dc81d0e108b6ab177e7d30e774db90675467c847bbdf"},
    {file = "coverage-7.3.2-cp312-cp312-musllinux_1_1_i686.whl", hash = "sha256:99b89d9f76070237975b315b3d5f4d6956ae354a4c92ac2388a5695516e47c84"},
    {file = "coverage-7.3.2-cp312-cp312-musllinux_1_1_x86_64.whl", hash = "sha256:fa28e909776dc69efb6ed975a63691bc8172b64ff357e663a1bb06ff3c9b589a"},
    {file = "coverage-7.3.2-cp312-cp312-win32.whl", hash = "sha256:289fe43bf45a575e3ab10b26d7b6f2ddb9ee2dba447499f5401cfb5ecb8196bb"},
    {file = "coverage-7.3.2-cp312-cp312-win_amd64.whl", hash = "sha256:7dbc3ed60e8659bc59b6b304b43ff9c3ed858da2839c78b804973f613d3e92ed"},
    {file = "coverage-7.3.2-cp38-cp38-macosx_10_9_x86_64.whl", hash = "sha256:f94b734214ea6a36fe16e96a70d941af80ff3bfd716c141300d95ebc85339738"},
    {file = "coverage-7.3.2-cp38-cp38-macosx_11_0_arm64.whl", hash = "sha256:af3d828d2c1cbae52d34bdbb22fcd94d1ce715d95f1a012354a75e5913f1bda2"},
    {file = "coverage-7.3.2-cp38-cp38-manylinux_2_17_aarch64.manylinux2014_aarch64.whl", hash = "sha256:630b13e3036e13c7adc480ca42fa7afc2a5d938081d28e20903cf7fd687872e2"},
    {file = "coverage-7.3.2-cp38-cp38-manylinux_2_5_i686.manylinux1_i686.manylinux_2_17_i686.manylinux2014_i686.whl", hash = "sha256:c9eacf273e885b02a0273bb3a2170f30e2d53a6d53b72dbe02d6701b5296101c"},
    {file = "coverage-7.3.2-cp38-cp38-manylinux_2_5_x86_64.manylinux1_x86_64.manylinux_2_17_x86_64.manylinux2014_x86_64.whl", hash = "sha256:d8f17966e861ff97305e0801134e69db33b143bbfb36436efb9cfff6ec7b2fd9"},
    {file = "coverage-7.3.2-cp38-cp38-musllinux_1_1_aarch64.whl", hash = "sha256:b4275802d16882cf9c8b3d057a0839acb07ee9379fa2749eca54efbce1535b82"},
    {file = "coverage-7.3.2-cp38-cp38-musllinux_1_1_i686.whl", hash = "sha256:72c0cfa5250f483181e677ebc97133ea1ab3eb68645e494775deb6a7f6f83901"},
    {file = "coverage-7.3.2-cp38-cp38-musllinux_1_1_x86_64.whl", hash = "sha256:cb536f0dcd14149425996821a168f6e269d7dcd2c273a8bff8201e79f5104e76"},
    {file = "coverage-7.3.2-cp38-cp38-win32.whl", hash = "sha256:307adb8bd3abe389a471e649038a71b4eb13bfd6b7dd9a129fa856f5c695cf92"},
    {file = "coverage-7.3.2-cp38-cp38-win_amd64.whl", hash = "sha256:88ed2c30a49ea81ea3b7f172e0269c182a44c236eb394718f976239892c0a27a"},
    {file = "coverage-7.3.2-cp39-cp39-macosx_10_9_x86_64.whl", hash = "sha256:b631c92dfe601adf8f5ebc7fc13ced6bb6e9609b19d9a8cd59fa47c4186ad1ce"},
    {file = "coverage-7.3.2-cp39-cp39-macosx_11_0_arm64.whl", hash = "sha256:d3d9df4051c4a7d13036524b66ecf7a7537d14c18a384043f30a303b146164e9"},
    {file = "coverage-7.3.2-cp39-cp39-manylinux_2_17_aarch64.manylinux2014_aarch64.whl", hash = "sha256:5f7363d3b6a1119ef05015959ca24a9afc0ea8a02c687fe7e2d557705375c01f"},
    {file = "coverage-7.3.2-cp39-cp39-manylinux_2_5_i686.manylinux1_i686.manylinux_2_17_i686.manylinux2014_i686.whl", hash = "sha256:2f11cc3c967a09d3695d2a6f03fb3e6236622b93be7a4b5dc09166a861be6d25"},
    {file = "coverage-7.3.2-cp39-cp39-manylinux_2_5_x86_64.manylinux1_x86_64.manylinux_2_17_x86_64.manylinux2014_x86_64.whl", hash = "sha256:149de1d2401ae4655c436a3dced6dd153f4c3309f599c3d4bd97ab172eaf02d9"},
    {file = "coverage-7.3.2-cp39-cp39-musllinux_1_1_aarch64.whl", hash = "sha256:3a4006916aa6fee7cd38db3bfc95aa9c54ebb4ffbfc47c677c8bba949ceba0a6"},
    {file = "coverage-7.3.2-cp39-cp39-musllinux_1_1_i686.whl", hash = "sha256:9028a3871280110d6e1aa2df1afd5ef003bab5fb1ef421d6dc748ae1c8ef2ebc"},
    {file = "coverage-7.3.2-cp39-cp39-musllinux_1_1_x86_64.whl", hash = "sha256:9f805d62aec8eb92bab5b61c0f07329275b6f41c97d80e847b03eb894f38d083"},
    {file = "coverage-7.3.2-cp39-cp39-win32.whl", hash = "sha256:d1c88ec1a7ff4ebca0219f5b1ef863451d828cccf889c173e1253aa84b1e07ce"},
    {file = "coverage-7.3.2-cp39-cp39-win_amd64.whl", hash = "sha256:b4767da59464bb593c07afceaddea61b154136300881844768037fd5e859353f"},
    {file = "coverage-7.3.2-pp38.pp39.pp310-none-any.whl", hash = "sha256:ae97af89f0fbf373400970c0a21eef5aa941ffeed90aee43650b81f7d7f47637"},
    {file = "coverage-7.3.2.tar.gz", hash = "sha256:be32ad29341b0170e795ca590e1c07e81fc061cb5b10c74ce7203491484404ef"},
]

[package.dependencies]
tomli = {version = "*", optional = true, markers = "python_full_version <= \"3.11.0a6\" and extra == \"toml\""}

[package.extras]
toml = ["tomli"]

[[package]]
name = "dacite"
version = "1.8.1"
description = "Simple creation of data classes from dictionaries."
optional = false
python-versions = ">=3.6"
files = [
    {file = "dacite-1.8.1-py3-none-any.whl", hash = "sha256:cc31ad6fdea1f49962ea42db9421772afe01ac5442380d9a99fcf3d188c61afe"},
]

[package.extras]
dev = ["black", "coveralls", "mypy", "pre-commit", "pylint", "pytest (>=5)", "pytest-benchmark", "pytest-cov"]

[[package]]
name = "distlib"
version = "0.3.7"
description = "Distribution utilities"
optional = false
python-versions = "*"
files = [
    {file = "distlib-0.3.7-py2.py3-none-any.whl", hash = "sha256:2e24928bc811348f0feb63014e97aaae3037f2cf48712d51ae61df7fd6075057"},
    {file = "distlib-0.3.7.tar.gz", hash = "sha256:9dafe54b34a028eafd95039d5e5d4851a13734540f1331060d31c9916e7147a8"},
]

[[package]]
name = "exceptiongroup"
version = "1.1.3"
description = "Backport of PEP 654 (exception groups)"
optional = false
python-versions = ">=3.7"
files = [
    {file = "exceptiongroup-1.1.3-py3-none-any.whl", hash = "sha256:343280667a4585d195ca1cf9cef84a4e178c4b6cf2274caef9859782b567d5e3"},
    {file = "exceptiongroup-1.1.3.tar.gz", hash = "sha256:097acd85d473d75af5bb98e41b61ff7fe35efe6675e4f9370ec6ec5126d160e9"},
]

[package.extras]
test = ["pytest (>=6)"]

[[package]]
name = "filelock"
version = "3.12.4"
description = "A platform independent file lock."
optional = false
python-versions = ">=3.8"
files = [
    {file = "filelock-3.12.4-py3-none-any.whl", hash = "sha256:08c21d87ded6e2b9da6728c3dff51baf1dcecf973b768ef35bcbc3447edb9ad4"},
    {file = "filelock-3.12.4.tar.gz", hash = "sha256:2e6f249f1f3654291606e046b09f1fd5eac39b360664c27f5aad072012f8bcbd"},
]

[package.extras]
docs = ["furo (>=2023.7.26)", "sphinx (>=7.1.2)", "sphinx-autodoc-typehints (>=1.24)"]
testing = ["covdefaults (>=2.3)", "coverage (>=7.3)", "diff-cover (>=7.7)", "pytest (>=7.4)", "pytest-cov (>=4.1)", "pytest-mock (>=3.11.1)", "pytest-timeout (>=2.1)"]
typing = ["typing-extensions (>=4.7.1)"]

[[package]]
name = "identify"
version = "2.5.30"
description = "File identification library for Python"
optional = false
python-versions = ">=3.8"
files = [
    {file = "identify-2.5.30-py2.py3-none-any.whl", hash = "sha256:afe67f26ae29bab007ec21b03d4114f41316ab9dd15aa8736a167481e108da54"},
    {file = "identify-2.5.30.tar.gz", hash = "sha256:f302a4256a15c849b91cfcdcec052a8ce914634b2f77ae87dad29cd749f2d88d"},
]

[package.extras]
license = ["ukkonen"]

[[package]]
name = "iniconfig"
version = "2.0.0"
description = "brain-dead simple config-ini parsing"
optional = false
python-versions = ">=3.7"
files = [
    {file = "iniconfig-2.0.0-py3-none-any.whl", hash = "sha256:b6a85871a79d2e3b22d2d1b94ac2824226a63c6b741c88f7ae975f18b6778374"},
    {file = "iniconfig-2.0.0.tar.gz", hash = "sha256:2d91e135bf72d31a410b17c16da610a82cb55f6b0477d1a902134b24a455b8b3"},
]

[[package]]
name = "nodeenv"
version = "1.8.0"
description = "Node.js virtual environment builder"
optional = false
python-versions = ">=2.7,!=3.0.*,!=3.1.*,!=3.2.*,!=3.3.*,!=3.4.*,!=3.5.*,!=3.6.*"
files = [
    {file = "nodeenv-1.8.0-py2.py3-none-any.whl", hash = "sha256:df865724bb3c3adc86b3876fa209771517b0cfe596beff01a92700e0e8be4cec"},
    {file = "nodeenv-1.8.0.tar.gz", hash = "sha256:d51e0c37e64fbf47d017feac3145cdbb58836d7eee8c6f6d3b6880c5456227d2"},
]

[package.dependencies]
setuptools = "*"

[[package]]
name = "packaging"
version = "23.2"
description = "Core utilities for Python packages"
optional = false
python-versions = ">=3.7"
files = [
    {file = "packaging-23.2-py3-none-any.whl", hash = "sha256:8c491190033a9af7e1d931d0b5dacc2ef47509b34dd0de67ed209b5203fc88c7"},
    {file = "packaging-23.2.tar.gz", hash = "sha256:048fb0e9405036518eaaf48a55953c750c11e1a1b68e0dd1a9d62ed0c092cfc5"},
]

[[package]]
name = "platformdirs"
version = "3.11.0"
description = "A small Python package for determining appropriate platform-specific dirs, e.g. a \"user data dir\"."
optional = false
python-versions = ">=3.7"
files = [
    {file = "platformdirs-3.11.0-py3-none-any.whl", hash = "sha256:e9d171d00af68be50e9202731309c4e658fd8bc76f55c11c7dd760d023bda68e"},
    {file = "platformdirs-3.11.0.tar.gz", hash = "sha256:cf8ee52a3afdb965072dcc652433e0c7e3e40cf5ea1477cd4b3b1d2eb75495b3"},
]

[package.extras]
docs = ["furo (>=2023.7.26)", "proselint (>=0.13)", "sphinx (>=7.1.1)", "sphinx-autodoc-typehints (>=1.24)"]
test = ["appdirs (==1.4.4)", "covdefaults (>=2.3)", "pytest (>=7.4)", "pytest-cov (>=4.1)", "pytest-mock (>=3.11.1)"]

[[package]]
name = "pluggy"
version = "1.3.0"
description = "plugin and hook calling mechanisms for python"
optional = false
python-versions = ">=3.8"
files = [
    {file = "pluggy-1.3.0-py3-none-any.whl", hash = "sha256:d89c696a773f8bd377d18e5ecda92b7a3793cbe66c87060a6fb58c7b6e1061f7"},
    {file = "pluggy-1.3.0.tar.gz", hash = "sha256:cf61ae8f126ac6f7c451172cf30e3e43d3ca77615509771b3a984a0730651e12"},
]

[package.extras]
dev = ["pre-commit", "tox"]
testing = ["pytest", "pytest-benchmark"]

[[package]]
name = "pre-commit"
version = "3.5.0"
description = "A framework for managing and maintaining multi-language pre-commit hooks."
optional = false
python-versions = ">=3.8"
files = [
    {file = "pre_commit-3.5.0-py2.py3-none-any.whl", hash = "sha256:841dc9aef25daba9a0238cd27984041fa0467b4199fc4852e27950664919f660"},
    {file = "pre_commit-3.5.0.tar.gz", hash = "sha256:5804465c675b659b0862f07907f96295d490822a450c4c40e747d0b1c6ebcb32"},
]

[package.dependencies]
cfgv = ">=2.0.0"
identify = ">=1.0.0"
nodeenv = ">=0.11.1"
pyyaml = ">=5.1"
virtualenv = ">=20.10.0"

[[package]]
name = "pyjson5"
version = "1.6.5"
description = "JSON5 serializer and parser for Python 3 written in Cython."
optional = false
python-versions = "~=3.5"
files = [
    {file = "pyjson5-1.6.5-cp310-cp310-macosx_10_9_universal2.whl", hash = "sha256:2a911611f73b2182d0fc77150c023679300617e504d7876c7aeeb93508e70188"},
    {file = "pyjson5-1.6.5-cp310-cp310-macosx_10_9_x86_64.whl", hash = "sha256:6e6c0d294d0dfe75b29db207eca592a266ce5029ece488cda909c1baed9a9704"},
    {file = "pyjson5-1.6.5-cp310-cp310-macosx_11_0_arm64.whl", hash = "sha256:f78626b34e57c6c83679dc4590289d12979ac9364dd957de4808955f94d04887"},
    {file = "pyjson5-1.6.5-cp310-cp310-manylinux_2_17_aarch64.manylinux2014_aarch64.whl", hash = "sha256:d3023b06170ffc55d68d287f822a4a8f43bbb889ac62dca8d2aa6cf8b07e9e84"},
    {file = "pyjson5-1.6.5-cp310-cp310-manylinux_2_17_ppc64le.manylinux2014_ppc64le.whl", hash = "sha256:474bca5bde27a858591d34a3b6f26e3a9fb5d021c5a8a39d0555c9290b00e4cf"},
    {file = "pyjson5-1.6.5-cp310-cp310-manylinux_2_17_s390x.manylinux2014_s390x.whl", hash = "sha256:dcc0757fcf0776367aebf0f44472da4f965e3c1c0b99e39a3ae164c163a9330b"},
    {file = "pyjson5-1.6.5-cp310-cp310-manylinux_2_17_x86_64.manylinux2014_x86_64.whl", hash = "sha256:626c4be7bc8560ee7e4730c404cd2137d791002c4639544fa71f4fcdb6872bb0"},
    {file = "pyjson5-1.6.5-cp310-cp310-manylinux_2_5_i686.manylinux1_i686.manylinux_2_17_i686.manylinux2014_i686.whl", hash = "sha256:9beccb0c773127ebdd294a4c7dc05e45fac853d249aacb32e78ef0f6055f02af"},
    {file = "pyjson5-1.6.5-cp310-cp310-musllinux_1_1_aarch64.whl", hash = "sha256:eae917198f96b1d481838fba1324d4e9b84826a77c63aca683306a06595045e1"},
    {file = "pyjson5-1.6.5-cp310-cp310-musllinux_1_1_i686.whl", hash = "sha256:c7caf77839b8748613e9810bf9b28e6611a2d6f7aa91a4a381d0b500317f21f2"},
    {file = "pyjson5-1.6.5-cp310-cp310-musllinux_1_1_ppc64le.whl", hash = "sha256:70d6bf97f6a642bb649ac87c24e25ded7f287fb0b4382d9065e49895992c49fc"},
    {file = "pyjson5-1.6.5-cp310-cp310-musllinux_1_1_s390x.whl", hash = "sha256:adee4d563f68e7aafb138549fdcd4d8276d3d0005d8e8d9f0a0ef46423ac3333"},
    {file = "pyjson5-1.6.5-cp310-cp310-musllinux_1_1_x86_64.whl", hash = "sha256:23f15dc206e30c3d9be131daa9027d6c62507937db9765245453700a44e3a7dd"},
    {file = "pyjson5-1.6.5-cp310-cp310-win32.whl", hash = "sha256:a525baef6c8a9533bbc955087224f85def191c3c5cbd7f2901a5ed69a516a832"},
    {file = "pyjson5-1.6.5-cp310-cp310-win_amd64.whl", hash = "sha256:a53d0f8236600a1a577ff99e3be687868e96f14e87f170cd1a38972e3596e912"},
    {file = "pyjson5-1.6.5-cp310-cp310-win_arm64.whl", hash = "sha256:9256094d53b39463d56ab830904b2366cf9b9e51eefe061ae25dbdf1414614e6"},
    {file = "pyjson5-1.6.5-cp311-cp311-macosx_10_9_universal2.whl", hash = "sha256:04beb52c159094f46fc857376e68aed7081da061104819429d7b67142c1fc9d6"},
    {file = "pyjson5-1.6.5-cp311-cp311-macosx_10_9_x86_64.whl", hash = "sha256:565f9cedf2e77af956bbc67aa9fcc192d62d5d14cafe7ffc4e421d660fd2f366"},
    {file = "pyjson5-1.6.5-cp311-cp311-macosx_11_0_arm64.whl", hash = "sha256:866d60887e33727c14f807059d562a1a552037d3f8791a2be6bf483c9790bbe7"},
    {file = "pyjson5-1.6.5-cp311-cp311-manylinux_2_17_aarch64.manylinux2014_aarch64.whl", hash = "sha256:cef4ab7136420e52205c1a2faaf43f1e30a94ecfbad32fcc0ff825f6b1c3e424"},
    {file = "pyjson5-1.6.5-cp311-cp311-manylinux_2_17_ppc64le.manylinux2014_ppc64le.whl", hash = "sha256:b2fa26f2ec2f5efe0d836ac15c96a7e9753b4091478cab7d54d22202fa96ede3"},
    {file = "pyjson5-1.6.5-cp311-cp311-manylinux_2_17_s390x.manylinux2014_s390x.whl", hash = "sha256:2baf8fde91a06504ed47268b80906013b56d06f2ce7447567c8f2117ab7918df"},
    {file = "pyjson5-1.6.5-cp311-cp311-manylinux_2_17_x86_64.manylinux2014_x86_64.whl", hash = "sha256:99484bdd0c3ab4a0b00c3bb562a3fc7e62e002d37dd5605584363ca606cff7d1"},
    {file = "pyjson5-1.6.5-cp311-cp311-manylinux_2_5_i686.manylinux1_i686.manylinux_2_17_i686.manylinux2014_i686.whl", hash = "sha256:5bb4111fbf7795b985cf7d3382188baa7a158db81602c39ba44251d51210349f"},
    {file = "pyjson5-1.6.5-cp311-cp311-musllinux_1_1_aarch64.whl", hash = "sha256:6519a5bff8b4f9c9752028affd8a8c917907868c1c33a4550d4d9676362acc28"},
    {file = "pyjson5-1.6.5-cp311-cp311-musllinux_1_1_i686.whl", hash = "sha256:239322dc098dee771ec6c13aa64dd6d8785619790a160af6fbcfa6f907ea4580"},
    {file = "pyjson5-1.6.5-cp311-cp311-musllinux_1_1_ppc64le.whl", hash = "sha256:417d05d7e12877b071b4dd5d924efab15eb4f06f8e4bfa421be05dd28a524cce"},
    {file = "pyjson5-1.6.5-cp311-cp311-musllinux_1_1_s390x.whl", hash = "sha256:8fcfea4f4faebbceb71877dba476b06a2810f52d8606bdbe32f0100dae84572d"},
    {file = "pyjson5-1.6.5-cp311-cp311-musllinux_1_1_x86_64.whl", hash = "sha256:65b9140378c5e4010d0adf35611d502128e5d6fe6d588835966fd9432aa9456c"},
    {file = "pyjson5-1.6.5-cp311-cp311-win32.whl", hash = "sha256:57ee96d4567640ad13eafa4cea38d735e56eab14f53cc2bfe650f80c11cdc0f7"},
    {file = "pyjson5-1.6.5-cp311-cp311-win_amd64.whl", hash = "sha256:36a578a7ee518ae2e4f69e8993beead31d1bdc931924a84da49957028b00ecae"},
    {file = "pyjson5-1.6.5-cp311-cp311-win_arm64.whl", hash = "sha256:98e4396422d3cbf5198bb690b12469ae5e4919ddc9dd1d78b245e65c31715e0a"},
    {file = "pyjson5-1.6.5-cp312-cp312-macosx_10_9_universal2.whl", hash = "sha256:8d1f877258112031ed94fe0276e5bffe18808d01c687d1afbb05bc4f9e09b40e"},
    {file = "pyjson5-1.6.5-cp312-cp312-macosx_10_9_x86_64.whl", hash = "sha256:0b9da1c81f37c163fa85d0ee8359e0ceaf82f4e11b2ac2446335605b97be8a7b"},
    {file = "pyjson5-1.6.5-cp312-cp312-macosx_11_0_arm64.whl", hash = "sha256:5fce0745a7d0921177ea65e9b38851ae381fe51da196356055f440fc736da79d"},
    {file = "pyjson5-1.6.5-cp312-cp312-manylinux_2_17_aarch64.manylinux2014_aarch64.whl", hash = "sha256:fa66fe2b4e66f2ff7e22a3cfcb1c09cb57697adf228e6e44c11500bcf5fd1dae"},
    {file = "pyjson5-1.6.5-cp312-cp312-manylinux_2_17_ppc64le.manylinux2014_ppc64le.whl", hash = "sha256:dae33d5272ef4c6f71890a03f3f3ea608ab73e36483a9aa9d2ce170ea9a2a5f3"},
    {file = "pyjson5-1.6.5-cp312-cp312-manylinux_2_17_s390x.manylinux2014_s390x.whl", hash = "sha256:708c51fdad8ae25cd6d508b196e8cc3ecb1b9b0e75178cabd213c21cf5c3103c"},
    {file = "pyjson5-1.6.5-cp312-cp312-manylinux_2_17_x86_64.manylinux2014_x86_64.whl", hash = "sha256:14cdd2a3ba6bd8fae6addbc5d519bf468f4a612eb0561bbe1494c8561a6c8002"},
    {file = "pyjson5-1.6.5-cp312-cp312-manylinux_2_5_i686.manylinux1_i686.manylinux_2_17_i686.manylinux2014_i686.whl", hash = "sha256:e8809b603b83453b53a54acb7ab866f362bafc34f2e7e1cf91f2c47fcb04f322"},
    {file = "pyjson5-1.6.5-cp312-cp312-musllinux_1_1_aarch64.whl", hash = "sha256:353e8ef40e12ddebbf831eb5240266844ace0636ae16c37c5fd51127994883e8"},
    {file = "pyjson5-1.6.5-cp312-cp312-musllinux_1_1_i686.whl", hash = "sha256:81841cbcc8e4983dc7e74cd179b7302a30fa843b56d10fd51dd8b53f7e77b000"},
    {file = "pyjson5-1.6.5-cp312-cp312-musllinux_1_1_ppc64le.whl", hash = "sha256:13d72d691e1470ae234929142640e5b5564b0e17323c617be1f5c53dc4dc863e"},
    {file = "pyjson5-1.6.5-cp312-cp312-musllinux_1_1_s390x.whl", hash = "sha256:216e02be78e61883953a7abb2e93c2fb56c5031cbfddbf758ab9a64a02566367"},
    {file = "pyjson5-1.6.5-cp312-cp312-musllinux_1_1_x86_64.whl", hash = "sha256:768ee4cfedab3df0c02a9fde2ff49308a3713d30a35644324a3ee4a7b63d6192"},
    {file = "pyjson5-1.6.5-cp312-cp312-win32.whl", hash = "sha256:d4fceb028caf3134e26b9680d4b8051203312bf3a0e01e64660f07da02af10ce"},
    {file = "pyjson5-1.6.5-cp312-cp312-win_amd64.whl", hash = "sha256:ef6c07f888779057918660773bae8122e9b107191865a9eedd247373eedb53b2"},
    {file = "pyjson5-1.6.5-cp312-cp312-win_arm64.whl", hash = "sha256:18ae19707e54ef437a42b2fb98a52edf27fc0101a7ea2ddc4d94299902cfb1ea"},
    {file = "pyjson5-1.6.5-cp36-cp36m-macosx_10_9_x86_64.whl", hash = "sha256:5430432667e5282e49a8cb12be19af0bc76438f7483153be57f2d25b9ab091d2"},
    {file = "pyjson5-1.6.5-cp36-cp36m-manylinux_2_17_aarch64.manylinux2014_aarch64.whl", hash = "sha256:b792e7e1dca1f1a2f615fe38369dde3c529eab36a7b30fae970ae50ce252c8ff"},
    {file = "pyjson5-1.6.5-cp36-cp36m-manylinux_2_17_ppc64le.manylinux2014_ppc64le.whl", hash = "sha256:3a6d2557ee3fff345b8d06461eb0f9934eb014abe7354d9937f1f20f9599e9fe"},
    {file = "pyjson5-1.6.5-cp36-cp36m-manylinux_2_17_s390x.manylinux2014_s390x.whl", hash = "sha256:1f76c4147ac6b2803b1d573f50abae73810c678ea6e38bb7629d4860274f34b9"},
    {file = "pyjson5-1.6.5-cp36-cp36m-manylinux_2_17_x86_64.manylinux2014_x86_64.whl", hash = "sha256:8cd1afaa0742f00e0e95e2cdc34651267d2c97d8150745c8acc86b2cb80f5586"},
    {file = "pyjson5-1.6.5-cp36-cp36m-manylinux_2_5_i686.manylinux1_i686.manylinux_2_17_i686.manylinux2014_i686.whl", hash = "sha256:af8b97640e205279704b263c0c77bce23c8e367694c039b94ae2a8417f14ffaf"},
    {file = "pyjson5-1.6.5-cp36-cp36m-musllinux_1_1_aarch64.whl", hash = "sha256:cdb5c73bc5e263f36e1413b29a6aec7518321bd3f95a24076377488339d84b36"},
    {file = "pyjson5-1.6.5-cp36-cp36m-musllinux_1_1_i686.whl", hash = "sha256:19d2ae8deb9c618682ff8ea9635b7395315ee3e4cafe75ad4b486d1d39c20fba"},
    {file = "pyjson5-1.6.5-cp36-cp36m-musllinux_1_1_ppc64le.whl", hash = "sha256:e36580975088a979adc35172d32d8c1ef3be66f1e6b4c6a3548aea0b8b6df3f9"},
    {file = "pyjson5-1.6.5-cp36-cp36m-musllinux_1_1_s390x.whl", hash = "sha256:ad19db49ba9a0f3738577049760ce650aeddaeb6916b2e7884d8cc9e6b76234e"},
    {file = "pyjson5-1.6.5-cp36-cp36m-musllinux_1_1_x86_64.whl", hash = "sha256:cc11f6f7f260d6a442ce321f6d315a253953449a8a0dfa8fab60d93aa2b1a05c"},
    {file = "pyjson5-1.6.5-cp36-cp36m-win32.whl", hash = "sha256:6a63712d19bfb583deed22f1284f88b85b26d396512dbd99cff2a0b8fcc9ef23"},
    {file = "pyjson5-1.6.5-cp36-cp36m-win_amd64.whl", hash = "sha256:9b09ea0501e273b85f3103e805bbdad7c2e146269362f8827abac3a5cb98e8bc"},
    {file = "pyjson5-1.6.5-cp37-cp37m-macosx_10_9_x86_64.whl", hash = "sha256:aff8eab8f394c046534abd345c28ef411e7e78537276246666ab478a0929e5f3"},
    {file = "pyjson5-1.6.5-cp37-cp37m-manylinux_2_17_aarch64.manylinux2014_aarch64.whl", hash = "sha256:253b580bbd6876bd426f1dedc25d89726998bdc97dcc5b188f67a767280c5dff"},
    {file = "pyjson5-1.6.5-cp37-cp37m-manylinux_2_17_ppc64le.manylinux2014_ppc64le.whl", hash = "sha256:cff78f2cc6b77f85d9d4503fc57727c3875b8019fd20ce58d53cd687ff68ced8"},
    {file = "pyjson5-1.6.5-cp37-cp37m-manylinux_2_17_s390x.manylinux2014_s390x.whl", hash = "sha256:fd5721d163dea5fc54240495fad9261749087d79565b1b116af021c43d268fb7"},
    {file = "pyjson5-1.6.5-cp37-cp37m-manylinux_2_17_x86_64.manylinux2014_x86_64.whl", hash = "sha256:387af9af929fbe5de3f131e57dc2e3c81713a804b6e90a05acfabadbf5ffab80"},
    {file = "pyjson5-1.6.5-cp37-cp37m-manylinux_2_5_i686.manylinux1_i686.manylinux_2_17_i686.manylinux2014_i686.whl", hash = "sha256:ea50766442771d0e742077b54dcb0f9e6b146fe10bd5fe024aebc3155c916974"},
    {file = "pyjson5-1.6.5-cp37-cp37m-musllinux_1_1_aarch64.whl", hash = "sha256:4575935ea0cf55fb41bfa02f65721d984903887606ad39f30f2ea759534d6ede"},
    {file = "pyjson5-1.6.5-cp37-cp37m-musllinux_1_1_i686.whl", hash = "sha256:4f33b88eb3eb06b477d09dd53adff5bb5566d371cbbaaaa91d1ef9aca313d987"},
    {file = "pyjson5-1.6.5-cp37-cp37m-musllinux_1_1_ppc64le.whl", hash = "sha256:02ab4e3212692abd14b24cab7802c00689849253a63052f534fff3b1652f0004"},
    {file = "pyjson5-1.6.5-cp37-cp37m-musllinux_1_1_s390x.whl", hash = "sha256:1f042aaa6dd73eaac21965ad1bfeb37d7305b2dca1b0763a72fc9a922f24e4b7"},
    {file = "pyjson5-1.6.5-cp37-cp37m-musllinux_1_1_x86_64.whl", hash = "sha256:79b971cde2205f0961fac05c96eec5993a3ce586682b7efafdca93468f2f838d"},
    {file = "pyjson5-1.6.5-cp37-cp37m-win32.whl", hash = "sha256:97738b28eee61cde189021302ce45d1b2f968854dd84c20e8dbd2c0d7b50b1f5"},
    {file = "pyjson5-1.6.5-cp37-cp37m-win_amd64.whl", hash = "sha256:766d8f486a99eeaf3b9e0f1e318d4f518bf382054922b3275a40b03fb9cf2fb8"},
    {file = "pyjson5-1.6.5-cp38-cp38-macosx_10_9_universal2.whl", hash = "sha256:eabd44a0394462097f8c477dd58f69d96746c3a50cf348b3b9b2100c398d9b0a"},
    {file = "pyjson5-1.6.5-cp38-cp38-macosx_10_9_x86_64.whl", hash = "sha256:614e806004fb0fbd5a2cdf3a00113141ec14ee33381f1a3a1c5d6b6153b76332"},
    {file = "pyjson5-1.6.5-cp38-cp38-macosx_11_0_arm64.whl", hash = "sha256:f3dc96c06735a9c4e349f856401d7e295f5a8f13addb8d84f6aafda5be7d3394"},
    {file = "pyjson5-1.6.5-cp38-cp38-manylinux_2_17_aarch64.manylinux2014_aarch64.whl", hash = "sha256:8995ca0218ee2742b8ec543dabc8e8b92699bbca089cdf34cc5ed62f7821ae99"},
    {file = "pyjson5-1.6.5-cp38-cp38-manylinux_2_17_ppc64le.manylinux2014_ppc64le.whl", hash = "sha256:1ccac5f139ca8137a72861b6f99a1c8733e35d1e97a8c4bfe2fcae607ae7d76e"},
    {file = "pyjson5-1.6.5-cp38-cp38-manylinux_2_17_s390x.manylinux2014_s390x.whl", hash = "sha256:d29047b6a96083ed3e0c0f00c1a51a2c223fc21cbf91ffb9e267d6223a7c978a"},
    {file = "pyjson5-1.6.5-cp38-cp38-manylinux_2_17_x86_64.manylinux2014_x86_64.whl", hash = "sha256:435d88ad7802c327d7a7d7cff7100fa452d062b88f766bf62ec7d964fadf687e"},
    {file = "pyjson5-1.6.5-cp38-cp38-manylinux_2_5_i686.manylinux1_i686.manylinux_2_17_i686.manylinux2014_i686.whl", hash = "sha256:887f22ceecfae487ae58c0b060658e32315806afc7fba736c1d0fe62368db1d4"},
    {file = "pyjson5-1.6.5-cp38-cp38-musllinux_1_1_aarch64.whl", hash = "sha256:cc498c4498c236bbdb86dde1c40d17847bbefbe5db5091a7e0f317e14a584f0c"},
    {file = "pyjson5-1.6.5-cp38-cp38-musllinux_1_1_i686.whl", hash = "sha256:bcb7cde1e0f72ea51b75f14d926eed7c860dff1379c32745211fcc6fc9edbef3"},
    {file = "pyjson5-1.6.5-cp38-cp38-musllinux_1_1_ppc64le.whl", hash = "sha256:636f0ec09ce925974a82614cf13062401b85ca8897c2efb063d1ba5a8d4fc3e0"},
    {file = "pyjson5-1.6.5-cp38-cp38-musllinux_1_1_s390x.whl", hash = "sha256:4d16d33af39bfd8431bc76e4e3b544088d90418213035ca65f3bcbc77166281f"},
    {file = "pyjson5-1.6.5-cp38-cp38-musllinux_1_1_x86_64.whl", hash = "sha256:8bdfe6e9ca9cb7ee98fd7a5f6c0c92d9ba700358f1305f51b44fa2ebd15bfb17"},
    {file = "pyjson5-1.6.5-cp38-cp38-win32.whl", hash = "sha256:45d1ce92ea635209c45509aaa311ee95beccdcb2a108fd6afe57c04b33d0a972"},
    {file = "pyjson5-1.6.5-cp38-cp38-win_amd64.whl", hash = "sha256:eeeb41afc09b95688c230aecb288e98388dbb63d16786dba493350e689f84ccd"},
    {file = "pyjson5-1.6.5-cp39-cp39-macosx_10_9_universal2.whl", hash = "sha256:8a6867d950a974538e1f575f4a2d801734b02dc315d54585225e258e6fccf9d8"},
    {file = "pyjson5-1.6.5-cp39-cp39-macosx_10_9_x86_64.whl", hash = "sha256:6e31fb125383e46e8c85783f3982bc7a7f0c94fb23ec9177d007a3391d02292b"},
    {file = "pyjson5-1.6.5-cp39-cp39-macosx_11_0_arm64.whl", hash = "sha256:78c47174918328abf36ecdbd211a80e67fbab1218cb72d77727a311f90a2f0f7"},
    {file = "pyjson5-1.6.5-cp39-cp39-manylinux_2_17_aarch64.manylinux2014_aarch64.whl", hash = "sha256:e9cf5234beba6516173037a862d66367a3ef68083e5d80e130c7f764068c0aaf"},
    {file = "pyjson5-1.6.5-cp39-cp39-manylinux_2_17_ppc64le.manylinux2014_ppc64le.whl", hash = "sha256:6d101a3b4982b05178b0e5e14ccecd02ef79f6922f13d6fdbd8fb649ffce5759"},
    {file = "pyjson5-1.6.5-cp39-cp39-manylinux_2_17_s390x.manylinux2014_s390x.whl", hash = "sha256:7e8f61a69155bfce9ae71d5497a3e01ee964df93b7086f1488193c92b8f6e9b8"},
    {file = "pyjson5-1.6.5-cp39-cp39-manylinux_2_17_x86_64.manylinux2014_x86_64.whl", hash = "sha256:d7120d1b3f24293d1e7e5bb5f185a2f971189602d860c182fe92a0707e122246"},
    {file = "pyjson5-1.6.5-cp39-cp39-manylinux_2_5_i686.manylinux1_i686.manylinux_2_17_i686.manylinux2014_i686.whl", hash = "sha256:764b5661d7a349ae9b598d9ee05bf9a09a1ffd5d83defbef8eff4934c6a507e7"},
    {file = "pyjson5-1.6.5-cp39-cp39-musllinux_1_1_aarch64.whl", hash = "sha256:55625e0d67c43fe6f9e8777b7473b9b95c8646832e7b2c6a3c5c56ddd5d1340a"},
    {file = "pyjson5-1.6.5-cp39-cp39-musllinux_1_1_i686.whl", hash = "sha256:55a9e38d760ef7e47bd13c8539aea0e4aa74bc30b08d637a08674492d3963999"},
    {file = "pyjson5-1.6.5-cp39-cp39-musllinux_1_1_ppc64le.whl", hash = "sha256:cab011e51bfe537cd6b438c4a8779777c64f58959e89df47f58bfdfb929c395c"},
    {file = "pyjson5-1.6.5-cp39-cp39-musllinux_1_1_s390x.whl", hash = "sha256:daf5a4950b1edb35ee848298885aef398f193aa7cbea1751a52cd1950c9fb38a"},
    {file = "pyjson5-1.6.5-cp39-cp39-musllinux_1_1_x86_64.whl", hash = "sha256:ddde5091bd73e94e2b93b62b3c7a3e6141cb29cce7f81e05dc51460e03190b00"},
    {file = "pyjson5-1.6.5-cp39-cp39-win32.whl", hash = "sha256:4d07ab21644d7410c56f468fc3d48cfdb9f3e3d7088bb8259685afd61554f366"},
    {file = "pyjson5-1.6.5-cp39-cp39-win_amd64.whl", hash = "sha256:dd15332515e9d4146c55a97add93aa27c84ad180deaa013f20365b3e239be0a4"},
    {file = "pyjson5-1.6.5-cp39-cp39-win_arm64.whl", hash = "sha256:4c2c0222306f2de7b851c6e77381062a48f58bb538cda6e06b26a2e8566a47bc"},
    {file = "pyjson5-1.6.5-pp310-pypy310_pp73-macosx_10_9_x86_64.whl", hash = "sha256:36ad48f3eebe386a0bb7892991adabc7801a996106e985242b7f83e2badf6c12"},
    {file = "pyjson5-1.6.5-pp310-pypy310_pp73-manylinux_2_17_aarch64.manylinux2014_aarch64.whl", hash = "sha256:20dc400dd92e79c5266ac1a3f1c649049491fb1ac293b168827e5858e4e24973"},
    {file = "pyjson5-1.6.5-pp310-pypy310_pp73-manylinux_2_17_x86_64.manylinux2014_x86_64.whl", hash = "sha256:c589747ea8c32736a85061615d7c1a9e2668b0d76f21f9e71b6204706e8bd66e"},
    {file = "pyjson5-1.6.5-pp310-pypy310_pp73-manylinux_2_5_i686.manylinux1_i686.manylinux_2_17_i686.manylinux2014_i686.whl", hash = "sha256:06ce5ff671684762ad1d653ef194d65a25c5acb63c5819246c57302b5cad920a"},
    {file = "pyjson5-1.6.5-pp310-pypy310_pp73-win_amd64.whl", hash = "sha256:d7262896703c1c8629e5e64c55be45710f9ea178ddc9d9553e682491d459e140"},
    {file = "pyjson5-1.6.5-pp37-pypy37_pp73-macosx_10_9_x86_64.whl", hash = "sha256:ee675b30375c56cb43218fec7450be0f2403d150d73ffca38c845484495c8955"},
    {file = "pyjson5-1.6.5-pp37-pypy37_pp73-manylinux_2_17_aarch64.manylinux2014_aarch64.whl", hash = "sha256:764812c463201a2ff307555f04f316bcd623b8a6568acbc34543f9e7bfba19f3"},
    {file = "pyjson5-1.6.5-pp37-pypy37_pp73-manylinux_2_17_x86_64.manylinux2014_x86_64.whl", hash = "sha256:09464db395fd42c7c437d69c2d8c38e117706326b754035c0395c2afa0ad5d20"},
    {file = "pyjson5-1.6.5-pp37-pypy37_pp73-manylinux_2_5_i686.manylinux1_i686.manylinux_2_17_i686.manylinux2014_i686.whl", hash = "sha256:2c34fecb6a4a9be26795e90ff7663e973c2f64540c6e48759ea23e7d0bd44715"},
    {file = "pyjson5-1.6.5-pp37-pypy37_pp73-win_amd64.whl", hash = "sha256:b9840fc6e82c6923e113b0fb70ae95ae6e05a5aa0b2c21c766f380bf9a629568"},
    {file = "pyjson5-1.6.5-pp38-pypy38_pp73-macosx_10_9_x86_64.whl", hash = "sha256:7d0901610e660619572f60874b487e6319ebf7d72240cd4e3c89a7acb0623e54"},
    {file = "pyjson5-1.6.5-pp38-pypy38_pp73-manylinux_2_17_aarch64.manylinux2014_aarch64.whl", hash = "sha256:2caa14c8e115654fdec7bd8510537ef2641e783becea2c3bf6e90e4b9f34cda2"},
    {file = "pyjson5-1.6.5-pp38-pypy38_pp73-manylinux_2_17_x86_64.manylinux2014_x86_64.whl", hash = "sha256:e6096344c21136a249ee01084aafe63f8b729771d39f7f78f9c37b1535ea9182"},
    {file = "pyjson5-1.6.5-pp38-pypy38_pp73-manylinux_2_5_i686.manylinux1_i686.manylinux_2_17_i686.manylinux2014_i686.whl", hash = "sha256:38f65b682e0717bc3cb4d7540720f69196869e4f6aaff93ad3929c367b29e351"},
    {file = "pyjson5-1.6.5-pp38-pypy38_pp73-win_amd64.whl", hash = "sha256:21b8bc08e0de20e37c0a6d9064721600f5cdea01b997829635e38408869d5340"},
    {file = "pyjson5-1.6.5-pp39-pypy39_pp73-macosx_10_9_x86_64.whl", hash = "sha256:f55b4908e66425f11b959d65a6269447d5c850dbcdb85febedce5ecac391e41a"},
    {file = "pyjson5-1.6.5-pp39-pypy39_pp73-manylinux_2_17_aarch64.manylinux2014_aarch64.whl", hash = "sha256:55a75e34b278e0b83484a78d7710e9b4ff91a240756c7ce3495f5e759c7ece86"},
    {file = "pyjson5-1.6.5-pp39-pypy39_pp73-manylinux_2_17_x86_64.manylinux2014_x86_64.whl", hash = "sha256:6a6bf3a38f74f77f63299b1dd7ea7d54bd34467f6c84e24346974c516ab6225d"},
    {file = "pyjson5-1.6.5-pp39-pypy39_pp73-manylinux_2_5_i686.manylinux1_i686.manylinux_2_17_i686.manylinux2014_i686.whl", hash = "sha256:a0e40483a88ff421a227e56efcb394934436bbfcc577e9de279a18a7dd21d096"},
    {file = "pyjson5-1.6.5-pp39-pypy39_pp73-win_amd64.whl", hash = "sha256:68f489fc858501cd2375817009f88e733c06cb100e5c9aa5da1be4a62809de34"},
    {file = "pyjson5-1.6.5.tar.gz", hash = "sha256:815ca341eeba68175a618734c4fd276ca12ecfae6225c0d11a0fba490d66917a"},
]

[[package]]
name = "pytest"
version = "7.4.4"
description = "pytest: simple powerful testing with Python"
optional = false
python-versions = ">=3.7"
files = [
    {file = "pytest-7.4.4-py3-none-any.whl", hash = "sha256:b090cdf5ed60bf4c45261be03239c2c1c22df034fbffe691abe93cd80cea01d8"},
    {file = "pytest-7.4.4.tar.gz", hash = "sha256:2cf0005922c6ace4a3e2ec8b4080eb0d9753fdc93107415332f50ce9e7994280"},
]

[package.dependencies]
colorama = {version = "*", markers = "sys_platform == \"win32\""}
exceptiongroup = {version = ">=1.0.0rc8", markers = "python_version < \"3.11\""}
iniconfig = "*"
packaging = "*"
pluggy = ">=0.12,<2.0"
tomli = {version = ">=1.0.0", markers = "python_version < \"3.11\""}

[package.extras]
testing = ["argcomplete", "attrs (>=19.2.0)", "hypothesis (>=3.56)", "mock", "nose", "pygments (>=2.7.2)", "requests", "setuptools", "xmlschema"]

[[package]]
name = "pytest-cov"
version = "4.1.0"
description = "Pytest plugin for measuring coverage."
optional = false
python-versions = ">=3.7"
files = [
    {file = "pytest-cov-4.1.0.tar.gz", hash = "sha256:3904b13dfbfec47f003b8e77fd5b589cd11904a21ddf1ab38a64f204d6a10ef6"},
    {file = "pytest_cov-4.1.0-py3-none-any.whl", hash = "sha256:6ba70b9e97e69fcc3fb45bfeab2d0a138fb65c4d0d6a41ef33983ad114be8c3a"},
]

[package.dependencies]
coverage = {version = ">=5.2.1", extras = ["toml"]}
pytest = ">=4.6"

[package.extras]
testing = ["fields", "hunter", "process-tests", "pytest-xdist", "six", "virtualenv"]

[[package]]
name = "pytest-mock"
version = "3.12.0"
description = "Thin-wrapper around the mock package for easier use with pytest"
optional = false
python-versions = ">=3.8"
files = [
    {file = "pytest-mock-3.12.0.tar.gz", hash = "sha256:31a40f038c22cad32287bb43932054451ff5583ff094bca6f675df2f8bc1a6e9"},
    {file = "pytest_mock-3.12.0-py3-none-any.whl", hash = "sha256:0972719a7263072da3a21c7f4773069bcc7486027d7e8e1f81d98a47e701bc4f"},
]

[package.dependencies]
pytest = ">=5.0"

[package.extras]
dev = ["pre-commit", "pytest-asyncio", "tox"]

[[package]]
name = "pyyaml"
version = "6.0.1"
description = "YAML parser and emitter for Python"
optional = false
python-versions = ">=3.6"
files = [
    {file = "PyYAML-6.0.1-cp310-cp310-macosx_10_9_x86_64.whl", hash = "sha256:d858aa552c999bc8a8d57426ed01e40bef403cd8ccdd0fc5f6f04a00414cac2a"},
    {file = "PyYAML-6.0.1-cp310-cp310-macosx_11_0_arm64.whl", hash = "sha256:fd66fc5d0da6d9815ba2cebeb4205f95818ff4b79c3ebe268e75d961704af52f"},
    {file = "PyYAML-6.0.1-cp310-cp310-manylinux_2_17_aarch64.manylinux2014_aarch64.whl", hash = "sha256:69b023b2b4daa7548bcfbd4aa3da05b3a74b772db9e23b982788168117739938"},
    {file = "PyYAML-6.0.1-cp310-cp310-manylinux_2_17_s390x.manylinux2014_s390x.whl", hash = "sha256:81e0b275a9ecc9c0c0c07b4b90ba548307583c125f54d5b6946cfee6360c733d"},
    {file = "PyYAML-6.0.1-cp310-cp310-manylinux_2_17_x86_64.manylinux2014_x86_64.whl", hash = "sha256:ba336e390cd8e4d1739f42dfe9bb83a3cc2e80f567d8805e11b46f4a943f5515"},
    {file = "PyYAML-6.0.1-cp310-cp310-musllinux_1_1_x86_64.whl", hash = "sha256:326c013efe8048858a6d312ddd31d56e468118ad4cdeda36c719bf5bb6192290"},
    {file = "PyYAML-6.0.1-cp310-cp310-win32.whl", hash = "sha256:bd4af7373a854424dabd882decdc5579653d7868b8fb26dc7d0e99f823aa5924"},
    {file = "PyYAML-6.0.1-cp310-cp310-win_amd64.whl", hash = "sha256:fd1592b3fdf65fff2ad0004b5e363300ef59ced41c2e6b3a99d4089fa8c5435d"},
    {file = "PyYAML-6.0.1-cp311-cp311-macosx_10_9_x86_64.whl", hash = "sha256:6965a7bc3cf88e5a1c3bd2e0b5c22f8d677dc88a455344035f03399034eb3007"},
    {file = "PyYAML-6.0.1-cp311-cp311-macosx_11_0_arm64.whl", hash = "sha256:f003ed9ad21d6a4713f0a9b5a7a0a79e08dd0f221aff4525a2be4c346ee60aab"},
    {file = "PyYAML-6.0.1-cp311-cp311-manylinux_2_17_aarch64.manylinux2014_aarch64.whl", hash = "sha256:42f8152b8dbc4fe7d96729ec2b99c7097d656dc1213a3229ca5383f973a5ed6d"},
    {file = "PyYAML-6.0.1-cp311-cp311-manylinux_2_17_s390x.manylinux2014_s390x.whl", hash = "sha256:062582fca9fabdd2c8b54a3ef1c978d786e0f6b3a1510e0ac93ef59e0ddae2bc"},
    {file = "PyYAML-6.0.1-cp311-cp311-manylinux_2_17_x86_64.manylinux2014_x86_64.whl", hash = "sha256:d2b04aac4d386b172d5b9692e2d2da8de7bfb6c387fa4f801fbf6fb2e6ba4673"},
    {file = "PyYAML-6.0.1-cp311-cp311-musllinux_1_1_x86_64.whl", hash = "sha256:e7d73685e87afe9f3b36c799222440d6cf362062f78be1013661b00c5c6f678b"},
    {file = "PyYAML-6.0.1-cp311-cp311-win32.whl", hash = "sha256:1635fd110e8d85d55237ab316b5b011de701ea0f29d07611174a1b42f1444741"},
    {file = "PyYAML-6.0.1-cp311-cp311-win_amd64.whl", hash = "sha256:bf07ee2fef7014951eeb99f56f39c9bb4af143d8aa3c21b1677805985307da34"},
    {file = "PyYAML-6.0.1-cp312-cp312-macosx_10_9_x86_64.whl", hash = "sha256:855fb52b0dc35af121542a76b9a84f8d1cd886ea97c84703eaa6d88e37a2ad28"},
    {file = "PyYAML-6.0.1-cp312-cp312-macosx_11_0_arm64.whl", hash = "sha256:40df9b996c2b73138957fe23a16a4f0ba614f4c0efce1e9406a184b6d07fa3a9"},
    {file = "PyYAML-6.0.1-cp312-cp312-manylinux_2_17_x86_64.manylinux2014_x86_64.whl", hash = "sha256:6c22bec3fbe2524cde73d7ada88f6566758a8f7227bfbf93a408a9d86bcc12a0"},
    {file = "PyYAML-6.0.1-cp312-cp312-musllinux_1_1_x86_64.whl", hash = "sha256:8d4e9c88387b0f5c7d5f281e55304de64cf7f9c0021a3525bd3b1c542da3b0e4"},
    {file = "PyYAML-6.0.1-cp312-cp312-win32.whl", hash = "sha256:d483d2cdf104e7c9fa60c544d92981f12ad66a457afae824d146093b8c294c54"},
    {file = "PyYAML-6.0.1-cp312-cp312-win_amd64.whl", hash = "sha256:0d3304d8c0adc42be59c5f8a4d9e3d7379e6955ad754aa9d6ab7a398b59dd1df"},
    {file = "PyYAML-6.0.1-cp36-cp36m-macosx_10_9_x86_64.whl", hash = "sha256:50550eb667afee136e9a77d6dc71ae76a44df8b3e51e41b77f6de2932bfe0f47"},
    {file = "PyYAML-6.0.1-cp36-cp36m-manylinux_2_17_aarch64.manylinux2014_aarch64.whl", hash = "sha256:1fe35611261b29bd1de0070f0b2f47cb6ff71fa6595c077e42bd0c419fa27b98"},
    {file = "PyYAML-6.0.1-cp36-cp36m-manylinux_2_17_s390x.manylinux2014_s390x.whl", hash = "sha256:704219a11b772aea0d8ecd7058d0082713c3562b4e271b849ad7dc4a5c90c13c"},
    {file = "PyYAML-6.0.1-cp36-cp36m-manylinux_2_17_x86_64.manylinux2014_x86_64.whl", hash = "sha256:afd7e57eddb1a54f0f1a974bc4391af8bcce0b444685d936840f125cf046d5bd"},
    {file = "PyYAML-6.0.1-cp36-cp36m-win32.whl", hash = "sha256:fca0e3a251908a499833aa292323f32437106001d436eca0e6e7833256674585"},
    {file = "PyYAML-6.0.1-cp36-cp36m-win_amd64.whl", hash = "sha256:f22ac1c3cac4dbc50079e965eba2c1058622631e526bd9afd45fedd49ba781fa"},
    {file = "PyYAML-6.0.1-cp37-cp37m-macosx_10_9_x86_64.whl", hash = "sha256:b1275ad35a5d18c62a7220633c913e1b42d44b46ee12554e5fd39c70a243d6a3"},
    {file = "PyYAML-6.0.1-cp37-cp37m-manylinux_2_17_aarch64.manylinux2014_aarch64.whl", hash = "sha256:18aeb1bf9a78867dc38b259769503436b7c72f7a1f1f4c93ff9a17de54319b27"},
    {file = "PyYAML-6.0.1-cp37-cp37m-manylinux_2_17_s390x.manylinux2014_s390x.whl", hash = "sha256:596106435fa6ad000c2991a98fa58eeb8656ef2325d7e158344fb33864ed87e3"},
    {file = "PyYAML-6.0.1-cp37-cp37m-manylinux_2_17_x86_64.manylinux2014_x86_64.whl", hash = "sha256:baa90d3f661d43131ca170712d903e6295d1f7a0f595074f151c0aed377c9b9c"},
    {file = "PyYAML-6.0.1-cp37-cp37m-win32.whl", hash = "sha256:9046c58c4395dff28dd494285c82ba00b546adfc7ef001486fbf0324bc174fba"},
    {file = "PyYAML-6.0.1-cp37-cp37m-win_amd64.whl", hash = "sha256:4fb147e7a67ef577a588a0e2c17b6db51dda102c71de36f8549b6816a96e1867"},
    {file = "PyYAML-6.0.1-cp38-cp38-macosx_10_9_x86_64.whl", hash = "sha256:1d4c7e777c441b20e32f52bd377e0c409713e8bb1386e1099c2415f26e479595"},
    {file = "PyYAML-6.0.1-cp38-cp38-manylinux_2_17_aarch64.manylinux2014_aarch64.whl", hash = "sha256:a0cd17c15d3bb3fa06978b4e8958dcdc6e0174ccea823003a106c7d4d7899ac5"},
    {file = "PyYAML-6.0.1-cp38-cp38-manylinux_2_17_s390x.manylinux2014_s390x.whl", hash = "sha256:28c119d996beec18c05208a8bd78cbe4007878c6dd15091efb73a30e90539696"},
    {file = "PyYAML-6.0.1-cp38-cp38-manylinux_2_17_x86_64.manylinux2014_x86_64.whl", hash = "sha256:7e07cbde391ba96ab58e532ff4803f79c4129397514e1413a7dc761ccd755735"},
    {file = "PyYAML-6.0.1-cp38-cp38-musllinux_1_1_x86_64.whl", hash = "sha256:49a183be227561de579b4a36efbb21b3eab9651dd81b1858589f796549873dd6"},
    {file = "PyYAML-6.0.1-cp38-cp38-win32.whl", hash = "sha256:184c5108a2aca3c5b3d3bf9395d50893a7ab82a38004c8f61c258d4428e80206"},
    {file = "PyYAML-6.0.1-cp38-cp38-win_amd64.whl", hash = "sha256:1e2722cc9fbb45d9b87631ac70924c11d3a401b2d7f410cc0e3bbf249f2dca62"},
    {file = "PyYAML-6.0.1-cp39-cp39-macosx_10_9_x86_64.whl", hash = "sha256:9eb6caa9a297fc2c2fb8862bc5370d0303ddba53ba97e71f08023b6cd73d16a8"},
    {file = "PyYAML-6.0.1-cp39-cp39-macosx_11_0_arm64.whl", hash = "sha256:c8098ddcc2a85b61647b2590f825f3db38891662cfc2fc776415143f599bb859"},
    {file = "PyYAML-6.0.1-cp39-cp39-manylinux_2_17_aarch64.manylinux2014_aarch64.whl", hash = "sha256:5773183b6446b2c99bb77e77595dd486303b4faab2b086e7b17bc6bef28865f6"},
    {file = "PyYAML-6.0.1-cp39-cp39-manylinux_2_17_s390x.manylinux2014_s390x.whl", hash = "sha256:b786eecbdf8499b9ca1d697215862083bd6d2a99965554781d0d8d1ad31e13a0"},
    {file = "PyYAML-6.0.1-cp39-cp39-manylinux_2_17_x86_64.manylinux2014_x86_64.whl", hash = "sha256:bc1bf2925a1ecd43da378f4db9e4f799775d6367bdb94671027b73b393a7c42c"},
    {file = "PyYAML-6.0.1-cp39-cp39-musllinux_1_1_x86_64.whl", hash = "sha256:04ac92ad1925b2cff1db0cfebffb6ffc43457495c9b3c39d3fcae417d7125dc5"},
    {file = "PyYAML-6.0.1-cp39-cp39-win32.whl", hash = "sha256:faca3bdcf85b2fc05d06ff3fbc1f83e1391b3e724afa3feba7d13eeab355484c"},
    {file = "PyYAML-6.0.1-cp39-cp39-win_amd64.whl", hash = "sha256:510c9deebc5c0225e8c96813043e62b680ba2f9c50a08d3724c7f28a747d1486"},
    {file = "PyYAML-6.0.1.tar.gz", hash = "sha256:bfdf460b1736c775f2ba9f6a92bca30bc2095067b8a9d77876d1fad6cc3b4a43"},
]

[[package]]
name = "setuptools"
version = "68.2.2"
description = "Easily download, build, install, upgrade, and uninstall Python packages"
optional = false
python-versions = ">=3.8"
files = [
    {file = "setuptools-68.2.2-py3-none-any.whl", hash = "sha256:b454a35605876da60632df1a60f736524eb73cc47bbc9f3f1ef1b644de74fd2a"},
    {file = "setuptools-68.2.2.tar.gz", hash = "sha256:4ac1475276d2f1c48684874089fefcd83bd7162ddaafb81fac866ba0db282a87"},
]

[package.extras]
docs = ["furo", "jaraco.packaging (>=9.3)", "jaraco.tidelift (>=1.4)", "pygments-github-lexers (==0.0.5)", "rst.linker (>=1.9)", "sphinx (>=3.5)", "sphinx-favicon", "sphinx-hoverxref (<2)", "sphinx-inline-tabs", "sphinx-lint", "sphinx-notfound-page (>=1,<2)", "sphinx-reredirects", "sphinxcontrib-towncrier"]
testing = ["build[virtualenv]", "filelock (>=3.4.0)", "flake8-2020", "ini2toml[lite] (>=0.9)", "jaraco.develop (>=7.21)", "jaraco.envs (>=2.2)", "jaraco.path (>=3.2.0)", "pip (>=19.1)", "pytest (>=6)", "pytest-black (>=0.3.7)", "pytest-checkdocs (>=2.4)", "pytest-cov", "pytest-enabler (>=2.2)", "pytest-mypy (>=0.9.1)", "pytest-perf", "pytest-ruff", "pytest-timeout", "pytest-xdist", "tomli-w (>=1.0.0)", "virtualenv (>=13.0.0)", "wheel"]
testing-integration = ["build[virtualenv] (>=1.0.3)", "filelock (>=3.4.0)", "jaraco.envs (>=2.2)", "jaraco.path (>=3.2.0)", "packaging (>=23.1)", "pytest", "pytest-enabler", "pytest-xdist", "tomli", "virtualenv (>=13.0.0)", "wheel"]

[[package]]
name = "shellingham"
version = "1.5.4"
description = "Tool to Detect Surrounding Shell"
optional = false
python-versions = ">=3.7"
files = [
    {file = "shellingham-1.5.4-py2.py3-none-any.whl", hash = "sha256:7ecfff8f2fd72616f7481040475a65b2bf8af90a56c89140852d1120324e8686"},
    {file = "shellingham-1.5.4.tar.gz", hash = "sha256:8dbca0739d487e5bd35ab3ca4b36e11c4078f3a234bfce294b0a0291363404de"},
]

[[package]]
name = "tomli"
version = "2.0.1"
description = "A lil' TOML parser"
optional = false
python-versions = ">=3.7"
files = [
    {file = "tomli-2.0.1-py3-none-any.whl", hash = "sha256:939de3e7a6161af0c887ef91b7d41a53e7c5a1ca976325f429cb46ea9bc30ecc"},
    {file = "tomli-2.0.1.tar.gz", hash = "sha256:de526c12914f0c550d15924c62d72abc48d6fe7364aa87328337a31007fe8a4f"},
]

[[package]]
name = "virtualenv"
version = "20.24.5"
description = "Virtual Python Environment builder"
optional = false
python-versions = ">=3.7"
files = [
    {file = "virtualenv-20.24.5-py3-none-any.whl", hash = "sha256:b80039f280f4919c77b30f1c23294ae357c4c8701042086e3fc005963e4e537b"},
    {file = "virtualenv-20.24.5.tar.gz", hash = "sha256:e8361967f6da6fbdf1426483bfe9fca8287c242ac0bc30429905721cefbff752"},
]

[package.dependencies]
distlib = ">=0.3.7,<1"
filelock = ">=3.12.2,<4"
platformdirs = ">=3.9.1,<4"

[package.extras]
docs = ["furo (>=2023.7.26)", "proselint (>=0.13)", "sphinx (>=7.1.2)", "sphinx-argparse (>=0.4)", "sphinxcontrib-towncrier (>=0.2.1a0)", "towncrier (>=23.6)"]
test = ["covdefaults (>=2.3)", "coverage (>=7.2.7)", "coverage-enable-subprocess (>=1)", "flaky (>=3.7)", "packaging (>=23.1)", "pytest (>=7.4)", "pytest-env (>=0.8.2)", "pytest-freezer (>=0.4.8)", "pytest-mock (>=3.11.1)", "pytest-randomly (>=3.12)", "pytest-timeout (>=2.1)", "setuptools (>=68)", "time-machine (>=2.10)"]

[metadata]
lock-version = "2.0"
python-versions = ">=3.8,<4.0"
content-hash = "c6483eecfc4f36e915a461726d7120edffba42ab950fe3b220ed44d9f60e4916"
